
Microsoft Visual Studio Solution File, Format Version 12.00
# Visual Studio Version 17
VisualStudioVersion = 17.8.34525.116
MinimumVisualStudioVersion = 10.0.40219.1
Project("{9A19103F-16F7-4668-BE54-9A1E7A4F7556}") = "FluentuiemojiPreview", "FluentuiemojiPreview.csproj", "{75924D07-EB64-4A1B-AF8D-1F2AAB775592}"
EndProject
Project("{9A19103F-16F7-4668-BE54-9A1E7A4F7556}") = "FluentuiemojiPreview.Desktop", "..\FluentuiemojiPreview.Desktop\FluentuiemojiPreview.Desktop.csproj", "{A0FF3666-4E51-4581-AFEB-D8DB7DD35044}"
EndProject
Global
	GlobalSection(SolutionConfigurationPlatforms) = preSolution
		Debug|Any CPU = Debug|Any CPU
		Release|Any CPU = Release|Any CPU
	EndGlobalSection
	GlobalSection(ProjectConfigurationPlatforms) = postSolution
		{75924D07-EB64-4A1B-AF8D-1F2AAB775592}.Debug|Any CPU.ActiveCfg = Debug|Any CPU
		{75924D07-EB64-4A1B-AF8D-1F2AAB775592}.Debug|Any CPU.Build.0 = Debug|Any CPU
		{75924D07-EB64-4A1B-AF8D-1F2AAB775592}.Release|Any CPU.ActiveCfg = Release|Any CPU
		{75924D07-EB64-4A1B-AF8D-1F2AAB775592}.Release|Any CPU.Build.0 = Release|Any CPU
		{A0FF3666-4E51-4581-AFEB-D8DB7DD35044}.Debug|Any CPU.ActiveCfg = Debug|Any CPU
		{A0FF3666-4E51-4581-AFEB-D8DB7DD35044}.Debug|Any CPU.Build.0 = Debug|Any CPU
		{A0FF3666-4E51-4581-AFEB-D8DB7DD35044}.Release|Any CPU.ActiveCfg = Release|Any CPU
		{A0FF3666-4E51-4581-AFEB-D8DB7DD35044}.Release|Any CPU.Build.0 = Release|Any CPU
	EndGlobalSection
	GlobalSection(SolutionProperties) = preSolution
		HideSolutionNode = FALSE
	EndGlobalSection
	GlobalSection(ExtensibilityGlobals) = postSolution
		SolutionGuid = {F84DF4B8-B82A-4E9C-90D5-37EF27FDA5AD}
	EndGlobalSection
EndGlobal
